
Microsoft Visual Studio Solution File, Format Version 12.00
# Visual Studio Version 17
VisualStudioVersion = 17.0.32112.339
MinimumVisualStudioVersion = 10.0.40219.1
Project("{E53339B2-1760-4266-BCC7-CA923CBCF16C}") = "docker-compose", "docker-compose.dcproj", "{FDE2425C-C870-458D-8BB2-00455515DE7E}"
EndProject
Project("{2150E333-8FDC-42A3-9474-1A3956D46DE8}") = "Containers", "Containers", "{FBDEDCE4-53F4-4086-B067-26E178BE5AFA}"
EndProject
Project("{2150E333-8FDC-42A3-9474-1A3956D46DE8}") = "Solution Items", "Solution Items", "{8903E684-7364-4184-AAD5-6649F3BAAFB9}"
	ProjectSection(SolutionItems) = preProject
		README.md = README.md
	EndProjectSection
EndProject
Project("{9A19103F-16F7-4668-BE54-9A1E7A4F7556}") = "WebAppApi", "WebAppApi\WebAppApi.csproj", "{BF9DD97E-2CFA-4BEF-A61A-4EF4729B9F30}"
EndProject
Project("{9A19103F-16F7-4668-BE54-9A1E7A4F7556}") = "WebAppApi3", "WebAppApi3\WebAppApi3.csproj", "{6B81AFED-021D-42FC-8BFA-AA9CD1B85CA6}"
EndProject
Project("{2150E333-8FDC-42A3-9474-1A3956D46DE8}") = "proxy", "proxy", "{6108E785-ED67-4673-A836-B40BAEF7712B}"
	ProjectSection(SolutionItems) = preProject
		Containers\proxy\Dockerfile = Containers\proxy\Dockerfile
		Containers\proxy\index.html = Containers\proxy\index.html
		Containers\proxy\nginx.conf = Containers\proxy\nginx.conf
	EndProjectSection
EndProject
Project("{FAE04EC0-301F-11D3-BF4B-00C04F79EFBC}") = "WebAppApi2", "WebAppApi2\WebAppApi2.csproj", "{CD7452A9-1BDB-4B3D-966F-9B8E12ECCA3C}"
EndProject
Global
	GlobalSection(SolutionConfigurationPlatforms) = preSolution
		Debug|Any CPU = Debug|Any CPU
		Release|Any CPU = Release|Any CPU
	EndGlobalSection
	GlobalSection(ProjectConfigurationPlatforms) = postSolution
		{FDE2425C-C870-458D-8BB2-00455515DE7E}.Debug|Any CPU.ActiveCfg = Debug|Any CPU
		{FDE2425C-C870-458D-8BB2-00455515DE7E}.Debug|Any CPU.Build.0 = Debug|Any CPU
		{FDE2425C-C870-458D-8BB2-00455515DE7E}.Release|Any CPU.ActiveCfg = Release|Any CPU
		{FDE2425C-C870-458D-8BB2-00455515DE7E}.Release|Any CPU.Build.0 = Release|Any CPU
		{BF9DD97E-2CFA-4BEF-A61A-4EF4729B9F30}.Debug|Any CPU.ActiveCfg = Debug|Any CPU
		{BF9DD97E-2CFA-4BEF-A61A-4EF4729B9F30}.Debug|Any CPU.Build.0 = Debug|Any CPU
		{BF9DD97E-2CFA-4BEF-A61A-4EF4729B9F30}.Release|Any CPU.ActiveCfg = Release|Any CPU
		{BF9DD97E-2CFA-4BEF-A61A-4EF4729B9F30}.Release|Any CPU.Build.0 = Release|Any CPU
		{6B81AFED-021D-42FC-8BFA-AA9CD1B85CA6}.Debug|Any CPU.ActiveCfg = Debug|Any CPU
		{6B81AFED-021D-42FC-8BFA-AA9CD1B85CA6}.Debug|Any CPU.Build.0 = Debug|Any CPU
		{6B81AFED-021D-42FC-8BFA-AA9CD1B85CA6}.Release|Any CPU.ActiveCfg = Release|Any CPU
		{6B81AFED-021D-42FC-8BFA-AA9CD1B85CA6}.Release|Any CPU.Build.0 = Release|Any CPU
		{CD7452A9-1BDB-4B3D-966F-9B8E12ECCA3C}.Debug|Any CPU.ActiveCfg = Debug|Any CPU
		{CD7452A9-1BDB-4B3D-966F-9B8E12ECCA3C}.Debug|Any CPU.Build.0 = Debug|Any CPU
		{CD7452A9-1BDB-4B3D-966F-9B8E12ECCA3C}.Release|Any CPU.ActiveCfg = Release|Any CPU
		{CD7452A9-1BDB-4B3D-966F-9B8E12ECCA3C}.Release|Any CPU.Build.0 = Release|Any CPU
	EndGlobalSection
	GlobalSection(SolutionProperties) = preSolution
		HideSolutionNode = FALSE
	EndGlobalSection
	GlobalSection(NestedProjects) = preSolution
		{6108E785-ED67-4673-A836-B40BAEF7712B} = {FBDEDCE4-53F4-4086-B067-26E178BE5AFA}
	EndGlobalSection
	GlobalSection(ExtensibilityGlobals) = postSolution
		SolutionGuid = {0BC51C43-A1DE-4EBB-A2B6-041384B853CF}
	EndGlobalSection
EndGlobal
